{
	"name": "posedance-functions",
	"version": "0.1.0",
	"lockfileVersion": 2,
	"requires": true,
	"packages": {
		"": {
			"name": "posedance-functions",
			"version": "0.1.0",
			"dependencies": {
				"playfab-sdk": "^2.46.200422"
			}
		},
		"node_modules/playfab-sdk": {
			"version": "2.46.200422",
			"resolved": "https://registry.npmjs.org/playfab-sdk/-/playfab-sdk-2.46.200422.tgz",
			"integrity": "sha512-WLi0OLa4E5E7m/jCRtSyrjtGSfvDQ5RmjHtMfYVE5cabK7bmh9/mrMUskmak3SP3pDL/7NIOjUEqgrLitSoFnA=="
		}
	},
	"dependencies": {
		"playfab-sdk": {
			"version": "2.46.200422",
			"resolved": "https://registry.npmjs.org/playfab-sdk/-/playfab-sdk-2.46.200422.tgz",
			"integrity": "sha512-WLi0OLa4E5E7m/jCRtSyrjtGSfvDQ5RmjHtMfYVE5cabK7bmh9/mrMUskmak3SP3pDL/7NIOjUEqgrLitSoFnA=="
		}
	}
}
